
Microsoft Visual Studio Solution File, Format Version 12.00
# Visual Studio Version 17
VisualStudioVersion = 17.13.35931.197 d17.13
MinimumVisualStudioVersion = 10.0.40219.1
Project("{8BC9CEB8-8B4A-11D0-8D11-00A0C91BC942}") = "client", "client\client.vcxproj", "{515DAA49-E5F5-4F9B-928B-0C78106401AE}"
EndProject
Global
	GlobalSection(SolutionConfigurationPlatforms) = preSolution
		Debug|x64 = Debug|x64
		Debug|x86 = Debug|x86
		Release|x64 = Release|x64
		Release|x86 = Release|x86
	EndGlobalSection
	GlobalSection(ProjectConfigurationPlatforms) = postSolution
		{515DAA49-E5F5-4F9B-928B-0C78106401AE}.Debug|x64.ActiveCfg = Debug|x64
		{515DAA49-E5F5-4F9B-928B-0C78106401AE}.Debug|x64.Build.0 = Debug|x64
		{515DAA49-E5F5-4F9B-928B-0C78106401AE}.Debug|x86.ActiveCfg = Debug|Win32
		{515DAA49-E5F5-4F9B-928B-0C78106401AE}.Debug|x86.Build.0 = Debug|Win32
		{515DAA49-E5F5-4F9B-928B-0C78106401AE}.Release|x64.ActiveCfg = Release|x64
		{515DAA49-E5F5-4F9B-928B-0C78106401AE}.Release|x64.Build.0 = Release|x64
		{515DAA49-E5F5-4F9B-928B-0C78106401AE}.Release|x86.ActiveCfg = Release|Win32
		{515DAA49-E5F5-4F9B-928B-0C78106401AE}.Release|x86.Build.0 = Release|Win32
	EndGlobalSection
	GlobalSection(SolutionProperties) = preSolution
		HideSolutionNode = FALSE
	EndGlobalSection
	GlobalSection(ExtensibilityGlobals) = postSolution
		SolutionGuid = {9EC17814-7FAF-48EF-89A7-151FC802B8A2}
	EndGlobalSection
EndGlobal
